{
  "name": "crondis",
  "version": "1.0.1",
  "lockfileVersion": 3,
  "requires": true,
  "packages": {
    "": {
      "name": "crondis",
      "version": "1.0.1",
      "license": "MIT",
      "dependencies": {
        "get-cron": "^1.0.0",
        "node-cron": "^4.5.0"
      }
    },
    "node_modules/get-cron": {
      "version": "1.1.0",
      "resolved": "https://registry.npmjs.org/get-cron/-/get-cron-1.1.0.tgz",
      "integrity": "sha512-4wvZauQAa/ka19huUYzKBDWBJ4dHnL5pS4zcxdg1ditzx55HYcSSijmsiCJK5rVRh6traxcvtD3HTnKdPQsdXw==",
      "license": "MIT",
      "engines": {
        "node": ">=20"
      }
    },
    "node_modules/node-cron": {
      "version": "4.5.0",
      "resolved": "https://registry.npmjs.org/node-cron/-/node-cron-4.5.0.tgz",
      "integrity": "sha512-4Trh+kjvbXokyJkwQumvD5YAgeJfgHLR/sKyu71uSmxfCR5QMO1hldpvmFZOICN5pLgNY+J5Y8+ar3XKo5/4tQ==",
      "license": "ISC",
      "engines": {
        "node": ">=20"
      }
    }
  }
}
